
Microsoft Visual Studio Solution File, Format Version 12.00
# Visual Studio Version 16
VisualStudioVersion = 16.0.31112.23
MinimumVisualStudioVersion = 10.0.40219.1
Project("{2150E333-8FDC-42A3-9474-1A3956D46DE8}") = "src", "src", "{C51063DB-5083-4D83-BE73-A90129C33C09}"
EndProject
Project("{9A19103F-16F7-4668-BE54-9A1E7A4F7556}") = "Rc.DiscordBot.Worker", "src\Rc.DiscordBot.Worker\Rc.DiscordBot.Worker.csproj", "{E9C41401-7BB9-47AC-8FE9-9B920CB86692}"
EndProject
Project("{9A19103F-16F7-4668-BE54-9A1E7A4F7556}") = "Rc.DiscordBot.Core", "src\Rc.DiscordBot.Core\Rc.DiscordBot.Core.csproj", "{923556C1-C1F9-4473-B083-13926A64E658}"
EndProject
Project("{2150E333-8FDC-42A3-9474-1A3956D46DE8}") = "Solution Items", "Solution Items", "{F6AB0AC3-1567-4C1F-B5EE-0C38CC168782}"
	ProjectSection(SolutionItems) = preProject
		..\.gitignore = ..\.gitignore
		common.props = common.props
		configureawait.props = configureawait.props
		..\readme.md = ..\readme.md
	EndProjectSection
EndProject
Project("{9A19103F-16F7-4668-BE54-9A1E7A4F7556}") = "Rc.DiscordBot.Audio", "src\Rc.DiscordBot.Audio\Rc.DiscordBot.Audio.csproj", "{4B419B9B-F03F-436F-9347-3165C131F504}"
EndProject
Project("{9A19103F-16F7-4668-BE54-9A1E7A4F7556}") = "Rc.DiscordBot.Twitch", "src\Rc.DiscordBot.Twitch\Rc.DiscordBot.Twitch.csproj", "{CDEEF77A-03E5-47D7-BF09-037CC8724668}"
EndProject
Project("{9A19103F-16F7-4668-BE54-9A1E7A4F7556}") = "Rc.DiscordBot.Rss", "src\Rc.DiscordBot.Rss\Rc.DiscordBot.Rss.csproj", "{3A36A53C-20AB-41B4-AC7F-5974EC868E51}"
EndProject
Global
	GlobalSection(SolutionConfigurationPlatforms) = preSolution
		Debug|Any CPU = Debug|Any CPU
		Linux|Any CPU = Linux|Any CPU
		Release|Any CPU = Release|Any CPU
		Windows|Any CPU = Windows|Any CPU
	EndGlobalSection
	GlobalSection(ProjectConfigurationPlatforms) = postSolution
		{E9C41401-7BB9-47AC-8FE9-9B920CB86692}.Debug|Any CPU.ActiveCfg = Debug|Any CPU
		{E9C41401-7BB9-47AC-8FE9-9B920CB86692}.Debug|Any CPU.Build.0 = Debug|Any CPU
		{E9C41401-7BB9-47AC-8FE9-9B920CB86692}.Linux|Any CPU.ActiveCfg = Linux|Any CPU
		{E9C41401-7BB9-47AC-8FE9-9B920CB86692}.Linux|Any CPU.Build.0 = Linux|Any CPU
		{E9C41401-7BB9-47AC-8FE9-9B920CB86692}.Release|Any CPU.ActiveCfg = Release|Any CPU
		{E9C41401-7BB9-47AC-8FE9-9B920CB86692}.Release|Any CPU.Build.0 = Release|Any CPU
		{E9C41401-7BB9-47AC-8FE9-9B920CB86692}.Windows|Any CPU.ActiveCfg = Windows|Any CPU
		{E9C41401-7BB9-47AC-8FE9-9B920CB86692}.Windows|Any CPU.Build.0 = Windows|Any CPU
		{923556C1-C1F9-4473-B083-13926A64E658}.Debug|Any CPU.ActiveCfg = Debug|Any CPU
		{923556C1-C1F9-4473-B083-13926A64E658}.Debug|Any CPU.Build.0 = Debug|Any CPU
		{923556C1-C1F9-4473-B083-13926A64E658}.Linux|Any CPU.ActiveCfg = Release|Any CPU
		{923556C1-C1F9-4473-B083-13926A64E658}.Linux|Any CPU.Build.0 = Release|Any CPU
		{923556C1-C1F9-4473-B083-13926A64E658}.Release|Any CPU.ActiveCfg = Release|Any CPU
		{923556C1-C1F9-4473-B083-13926A64E658}.Release|Any CPU.Build.0 = Release|Any CPU
		{923556C1-C1F9-4473-B083-13926A64E658}.Windows|Any CPU.ActiveCfg = Release|Any CPU
		{923556C1-C1F9-4473-B083-13926A64E658}.Windows|Any CPU.Build.0 = Release|Any CPU
		{4B419B9B-F03F-436F-9347-3165C131F504}.Debug|Any CPU.ActiveCfg = Debug|Any CPU
		{4B419B9B-F03F-436F-9347-3165C131F504}.Debug|Any CPU.Build.0 = Debug|Any CPU
		{4B419B9B-F03F-436F-9347-3165C131F504}.Linux|Any CPU.ActiveCfg = Release|Any CPU
		{4B419B9B-F03F-436F-9347-3165C131F504}.Linux|Any CPU.Build.0 = Release|Any CPU
		{4B419B9B-F03F-436F-9347-3165C131F504}.Release|Any CPU.ActiveCfg = Release|Any CPU
		{4B419B9B-F03F-436F-9347-3165C131F504}.Release|Any CPU.Build.0 = Release|Any CPU
		{4B419B9B-F03F-436F-9347-3165C131F504}.Windows|Any CPU.ActiveCfg = Release|Any CPU
		{4B419B9B-F03F-436F-9347-3165C131F504}.Windows|Any CPU.Build.0 = Release|Any CPU
		{CDEEF77A-03E5-47D7-BF09-037CC8724668}.Debug|Any CPU.ActiveCfg = Debug|Any CPU
		{CDEEF77A-03E5-47D7-BF09-037CC8724668}.Debug|Any CPU.Build.0 = Debug|Any CPU
		{CDEEF77A-03E5-47D7-BF09-037CC8724668}.Linux|Any CPU.ActiveCfg = Release|Any CPU
		{CDEEF77A-03E5-47D7-BF09-037CC8724668}.Linux|Any CPU.Build.0 = Release|Any CPU
		{CDEEF77A-03E5-47D7-BF09-037CC8724668}.Release|Any CPU.ActiveCfg = Release|Any CPU
		{CDEEF77A-03E5-47D7-BF09-037CC8724668}.Release|Any CPU.Build.0 = Release|Any CPU
		{CDEEF77A-03E5-47D7-BF09-037CC8724668}.Windows|Any CPU.ActiveCfg = Release|Any CPU
		{CDEEF77A-03E5-47D7-BF09-037CC8724668}.Windows|Any CPU.Build.0 = Release|Any CPU
		{3A36A53C-20AB-41B4-AC7F-5974EC868E51}.Debug|Any CPU.ActiveCfg = Debug|Any CPU
		{3A36A53C-20AB-41B4-AC7F-5974EC868E51}.Debug|Any CPU.Build.0 = Debug|Any CPU
		{3A36A53C-20AB-41B4-AC7F-5974EC868E51}.Linux|Any CPU.ActiveCfg = Release|Any CPU
		{3A36A53C-20AB-41B4-AC7F-5974EC868E51}.Linux|Any CPU.Build.0 = Release|Any CPU
		{3A36A53C-20AB-41B4-AC7F-5974EC868E51}.Release|Any CPU.ActiveCfg = Release|Any CPU
		{3A36A53C-20AB-41B4-AC7F-5974EC868E51}.Release|Any CPU.Build.0 = Release|Any CPU
		{3A36A53C-20AB-41B4-AC7F-5974EC868E51}.Windows|Any CPU.ActiveCfg = Release|Any CPU
		{3A36A53C-20AB-41B4-AC7F-5974EC868E51}.Windows|Any CPU.Build.0 = Release|Any CPU
	EndGlobalSection
	GlobalSection(SolutionProperties) = preSolution
		HideSolutionNode = FALSE
	EndGlobalSection
	GlobalSection(NestedProjects) = preSolution
		{E9C41401-7BB9-47AC-8FE9-9B920CB86692} = {C51063DB-5083-4D83-BE73-A90129C33C09}
		{923556C1-C1F9-4473-B083-13926A64E658} = {C51063DB-5083-4D83-BE73-A90129C33C09}
		{4B419B9B-F03F-436F-9347-3165C131F504} = {C51063DB-5083-4D83-BE73-A90129C33C09}
		{CDEEF77A-03E5-47D7-BF09-037CC8724668} = {C51063DB-5083-4D83-BE73-A90129C33C09}
		{3A36A53C-20AB-41B4-AC7F-5974EC868E51} = {C51063DB-5083-4D83-BE73-A90129C33C09}
	EndGlobalSection
	GlobalSection(ExtensibilityGlobals) = postSolution
		SolutionGuid = {F7E4A7A2-9E79-4334-9470-31CE6CD26269}
	EndGlobalSection
EndGlobal
